
Microsoft Visual Studio Solution File, Format Version 12.00
# Visual Studio Version 16
VisualStudioVersion = 16.0.33328.57
MinimumVisualStudioVersion = 10.0.40219.1
Project("{FAE04EC0-301F-11D3-BF4B-00C04F79EFBC}") = "StudentAdminPortal.API", "StudentAdminPortal.API\StudentAdminPortal.API.csproj", "{A32A1361-94D3-429D-A1C1-AC93EAFA2BD3}"
EndProject
Global
	GlobalSection(SolutionConfigurationPlatforms) = preSolution
		Debug|Any CPU = Debug|Any CPU
		Release|Any CPU = Release|Any CPU
	EndGlobalSection
	GlobalSection(ProjectConfigurationPlatforms) = postSolution
		{A32A1361-94D3-429D-A1C1-AC93EAFA2BD3}.Debug|Any CPU.ActiveCfg = Debug|Any CPU
		{A32A1361-94D3-429D-A1C1-AC93EAFA2BD3}.Debug|Any CPU.Build.0 = Debug|Any CPU
		{A32A1361-94D3-429D-A1C1-AC93EAFA2BD3}.Release|Any CPU.ActiveCfg = Release|Any CPU
		{A32A1361-94D3-429D-A1C1-AC93EAFA2BD3}.Release|Any CPU.Build.0 = Release|Any CPU
	EndGlobalSection
	GlobalSection(SolutionProperties) = preSolution
		HideSolutionNode = FALSE
	EndGlobalSection
	GlobalSection(ExtensibilityGlobals) = postSolution
		SolutionGuid = {3568AA72-ACE8-4799-9E00-E22FEAFF5E2B}
	EndGlobalSection
EndGlobal
